
Microsoft Visual Studio Solution File, Format Version 12.00
# Visual Studio Version 16
VisualStudioVersion = 16.0.29609.76
MinimumVisualStudioVersion = 10.0.40219.1
Project("{FAE04EC0-301F-11D3-BF4B-00C04F79EFBC}") = "VideotekaFm", "VideotekaFm.csproj", "{215E3D32-2E13-4397-B433-F1898FBDFA9F}"
EndProject
Global
	GlobalSection(SolutionConfigurationPlatforms) = preSolution
		Debug|Any CPU = Debug|Any CPU
		Release|Any CPU = Release|Any CPU
	EndGlobalSection
	GlobalSection(ProjectConfigurationPlatforms) = postSolution
		{215E3D32-2E13-4397-B433-F1898FBDFA9F}.Debug|Any CPU.ActiveCfg = Debug|Any CPU
		{215E3D32-2E13-4397-B433-F1898FBDFA9F}.Debug|Any CPU.Build.0 = Debug|Any CPU
		{215E3D32-2E13-4397-B433-F1898FBDFA9F}.Release|Any CPU.ActiveCfg = Release|Any CPU
		{215E3D32-2E13-4397-B433-F1898FBDFA9F}.Release|Any CPU.Build.0 = Release|Any CPU
	EndGlobalSection
	GlobalSection(SolutionProperties) = preSolution
		HideSolutionNode = FALSE
	EndGlobalSection
	GlobalSection(ExtensibilityGlobals) = postSolution
		SolutionGuid = {9431C5E2-E31E-4BD1-90AD-A5764D9CD423}
	EndGlobalSection
EndGlobal
